
Microsoft Visual Studio Solution File, Format Version 12.00
# Visual Studio Version 16
VisualStudioVersion = 16.0.29201.188
MinimumVisualStudioVersion = 10.0.40219.1
Project("{2150E333-8FDC-42A3-9474-1A3956D46DE8}") = "src", "src", "{A5E98D6E-3521-4D5B-BC7D-CB91ED97E24D}"
EndProject
Project("{2150E333-8FDC-42A3-9474-1A3956D46DE8}") = "5 - Infra", "5 - Infra", "{DE475D7B-FAC6-461D-9A4C-C9F94B429B30}"
EndProject
Project("{2150E333-8FDC-42A3-9474-1A3956D46DE8}") = "5.1 - Data", "5.1 - Data", "{83C336A2-D097-4A19-B65A-1AC2184DC68C}"
EndProject
Project("{2150E333-8FDC-42A3-9474-1A3956D46DE8}") = "1 - Presentation", "1 - Presentation", "{D5BE6D44-F8FC-4650-9C41-412350D5160C}"
EndProject
Project("{2150E333-8FDC-42A3-9474-1A3956D46DE8}") = "4 - Domain", "4 - Domain", "{35A6EBBE-F3D5-4FA5-8928-8EFDADCEDE4D}"
EndProject
Project("{2150E333-8FDC-42A3-9474-1A3956D46DE8}") = "5.2 - CrossCutting", "5.2 - CrossCutting", "{4AA1E25C-76DF-434A-AC04-E1CCAFC6A8DE}"
EndProject
Project("{2150E333-8FDC-42A3-9474-1A3956D46DE8}") = "3 - Application", "3 - Application", "{6B0F3E6E-B1EE-491E-BDA5-14D994AE61B4}"
EndProject
Project("{2150E333-8FDC-42A3-9474-1A3956D46DE8}") = "2 - Services", "2 - Services", "{55C4696D-E4EC-4EC4-9884-A1243A62E2F4}"
EndProject
Project("{9A19103F-16F7-4668-BE54-9A1E7A4F7556}") = "LoteriaFacil.UI.Web", "LoteriaFacil.UI.Web\LoteriaFacil.UI.Web.csproj", "{7679F36B-E4C8-4F4C-B23D-638FB6CFCA02}"
EndProject
Project("{2150E333-8FDC-42A3-9474-1A3956D46DE8}") = "Solution Items", "Solution Items", "{9835C1FE-6B22-451A-89A9-CBC16638226B}"
EndProject
Project("{9A19103F-16F7-4668-BE54-9A1E7A4F7556}") = "LoteriaFacil.Domain", "LoteriaFacil.Domain\LoteriaFacil.Domain.csproj", "{570C682D-E543-4A3C-97DF-816DE5819779}"
EndProject
Project("{9A19103F-16F7-4668-BE54-9A1E7A4F7556}") = "LoteriaFacil.Domain.Core", "LoteriaFacil.Domain.Core\LoteriaFacil.Domain.Core.csproj", "{A2907812-9822-455B-9CF9-A64D288E3F18}"
EndProject
Project("{9A19103F-16F7-4668-BE54-9A1E7A4F7556}") = "LoteriaFacil.Infra.CrossCutting.IoC", "LoteriaFacil.Infra.CrossCutting.IoC\LoteriaFacil.Infra.CrossCutting.IoC.csproj", "{3386D98C-E6AE-4B39-8D7C-7DF108FB4D49}"
EndProject
Project("{9A19103F-16F7-4668-BE54-9A1E7A4F7556}") = "LoteriaFacil.Infra.CrossCutting.Bus", "LoteriaFacil.Infra.CrossCutting.Bus\LoteriaFacil.Infra.CrossCutting.Bus.csproj", "{E28E78BB-C999-4577-8B87-71A9541F60E5}"
EndProject
Project("{9A19103F-16F7-4668-BE54-9A1E7A4F7556}") = "LoteriaFacil.Application", "LoteriaFacil.Application\LoteriaFacil.Application.csproj", "{32D9ADA4-C570-44F7-8ABE-CF87008EE016}"
EndProject
Project("{9A19103F-16F7-4668-BE54-9A1E7A4F7556}") = "LoteriaFacil.Infra.CrossCutting.Identity", "LoteriaFacil.Infra.CrossCutting.Identity\LoteriaFacil.Infra.CrossCutting.Identity.csproj", "{075B070C-03E3-4A65-8768-7478B9CE66E1}"
EndProject
Project("{9A19103F-16F7-4668-BE54-9A1E7A4F7556}") = "LoteriaFacil.Infra.Data", "LoteriaFacil.Infra.Data\LoteriaFacil.Infra.Data.csproj", "{77A895E8-E62C-4A93-BB9B-00E88BCB5E9B}"
EndProject
Project("{9A19103F-16F7-4668-BE54-9A1E7A4F7556}") = "LoteriaFacil.Services.Api", "LoteriaFacil.Services.Api\LoteriaFacil.Services.Api.csproj", "{CF57A06F-28C9-4888-BFF0-368CEF6998E6}"
EndProject
Project("{FAE04EC0-301F-11D3-BF4B-00C04F79EFBC}") = "LoteriaFacil.Infra.CrossCutting.Util", "LoteriaFacil.Infra.CrossCutting.Util\LoteriaFacil.Infra.CrossCutting.Util.csproj", "{463D32A8-6C3B-43D8-B51E-D006680ED582}"
EndProject
Global
	GlobalSection(SolutionConfigurationPlatforms) = preSolution
		Debug|Any CPU = Debug|Any CPU
		Release|Any CPU = Release|Any CPU
	EndGlobalSection
	GlobalSection(ProjectConfigurationPlatforms) = postSolution
		{7679F36B-E4C8-4F4C-B23D-638FB6CFCA02}.Debug|Any CPU.ActiveCfg = Debug|Any CPU
		{7679F36B-E4C8-4F4C-B23D-638FB6CFCA02}.Debug|Any CPU.Build.0 = Debug|Any CPU
		{7679F36B-E4C8-4F4C-B23D-638FB6CFCA02}.Release|Any CPU.ActiveCfg = Release|Any CPU
		{7679F36B-E4C8-4F4C-B23D-638FB6CFCA02}.Release|Any CPU.Build.0 = Release|Any CPU
		{570C682D-E543-4A3C-97DF-816DE5819779}.Debug|Any CPU.ActiveCfg = Debug|Any CPU
		{570C682D-E543-4A3C-97DF-816DE5819779}.Debug|Any CPU.Build.0 = Debug|Any CPU
		{570C682D-E543-4A3C-97DF-816DE5819779}.Release|Any CPU.ActiveCfg = Release|Any CPU
		{570C682D-E543-4A3C-97DF-816DE5819779}.Release|Any CPU.Build.0 = Release|Any CPU
		{A2907812-9822-455B-9CF9-A64D288E3F18}.Debug|Any CPU.ActiveCfg = Debug|Any CPU
		{A2907812-9822-455B-9CF9-A64D288E3F18}.Debug|Any CPU.Build.0 = Debug|Any CPU
		{A2907812-9822-455B-9CF9-A64D288E3F18}.Release|Any CPU.ActiveCfg = Release|Any CPU
		{A2907812-9822-455B-9CF9-A64D288E3F18}.Release|Any CPU.Build.0 = Release|Any CPU
		{3386D98C-E6AE-4B39-8D7C-7DF108FB4D49}.Debug|Any CPU.ActiveCfg = Debug|Any CPU
		{3386D98C-E6AE-4B39-8D7C-7DF108FB4D49}.Debug|Any CPU.Build.0 = Debug|Any CPU
		{3386D98C-E6AE-4B39-8D7C-7DF108FB4D49}.Release|Any CPU.ActiveCfg = Release|Any CPU
		{3386D98C-E6AE-4B39-8D7C-7DF108FB4D49}.Release|Any CPU.Build.0 = Release|Any CPU
		{E28E78BB-C999-4577-8B87-71A9541F60E5}.Debug|Any CPU.ActiveCfg = Debug|Any CPU
		{E28E78BB-C999-4577-8B87-71A9541F60E5}.Debug|Any CPU.Build.0 = Debug|Any CPU
		{E28E78BB-C999-4577-8B87-71A9541F60E5}.Release|Any CPU.ActiveCfg = Release|Any CPU
		{E28E78BB-C999-4577-8B87-71A9541F60E5}.Release|Any CPU.Build.0 = Release|Any CPU
		{32D9ADA4-C570-44F7-8ABE-CF87008EE016}.Debug|Any CPU.ActiveCfg = Debug|Any CPU
		{32D9ADA4-C570-44F7-8ABE-CF87008EE016}.Debug|Any CPU.Build.0 = Debug|Any CPU
		{32D9ADA4-C570-44F7-8ABE-CF87008EE016}.Release|Any CPU.ActiveCfg = Release|Any CPU
		{32D9ADA4-C570-44F7-8ABE-CF87008EE016}.Release|Any CPU.Build.0 = Release|Any CPU
		{075B070C-03E3-4A65-8768-7478B9CE66E1}.Debug|Any CPU.ActiveCfg = Debug|Any CPU
		{075B070C-03E3-4A65-8768-7478B9CE66E1}.Debug|Any CPU.Build.0 = Debug|Any CPU
		{075B070C-03E3-4A65-8768-7478B9CE66E1}.Release|Any CPU.ActiveCfg = Release|Any CPU
		{075B070C-03E3-4A65-8768-7478B9CE66E1}.Release|Any CPU.Build.0 = Release|Any CPU
		{77A895E8-E62C-4A93-BB9B-00E88BCB5E9B}.Debug|Any CPU.ActiveCfg = Debug|Any CPU
		{77A895E8-E62C-4A93-BB9B-00E88BCB5E9B}.Debug|Any CPU.Build.0 = Debug|Any CPU
		{77A895E8-E62C-4A93-BB9B-00E88BCB5E9B}.Release|Any CPU.ActiveCfg = Release|Any CPU
		{77A895E8-E62C-4A93-BB9B-00E88BCB5E9B}.Release|Any CPU.Build.0 = Release|Any CPU
		{CF57A06F-28C9-4888-BFF0-368CEF6998E6}.Debug|Any CPU.ActiveCfg = Debug|Any CPU
		{CF57A06F-28C9-4888-BFF0-368CEF6998E6}.Debug|Any CPU.Build.0 = Debug|Any CPU
		{CF57A06F-28C9-4888-BFF0-368CEF6998E6}.Release|Any CPU.ActiveCfg = Release|Any CPU
		{CF57A06F-28C9-4888-BFF0-368CEF6998E6}.Release|Any CPU.Build.0 = Release|Any CPU
		{463D32A8-6C3B-43D8-B51E-D006680ED582}.Debug|Any CPU.ActiveCfg = Debug|Any CPU
		{463D32A8-6C3B-43D8-B51E-D006680ED582}.Debug|Any CPU.Build.0 = Debug|Any CPU
		{463D32A8-6C3B-43D8-B51E-D006680ED582}.Release|Any CPU.ActiveCfg = Release|Any CPU
		{463D32A8-6C3B-43D8-B51E-D006680ED582}.Release|Any CPU.Build.0 = Release|Any CPU
	EndGlobalSection
	GlobalSection(SolutionProperties) = preSolution
		HideSolutionNode = FALSE
	EndGlobalSection
	GlobalSection(NestedProjects) = preSolution
		{DE475D7B-FAC6-461D-9A4C-C9F94B429B30} = {A5E98D6E-3521-4D5B-BC7D-CB91ED97E24D}
		{83C336A2-D097-4A19-B65A-1AC2184DC68C} = {DE475D7B-FAC6-461D-9A4C-C9F94B429B30}
		{D5BE6D44-F8FC-4650-9C41-412350D5160C} = {A5E98D6E-3521-4D5B-BC7D-CB91ED97E24D}
		{35A6EBBE-F3D5-4FA5-8928-8EFDADCEDE4D} = {A5E98D6E-3521-4D5B-BC7D-CB91ED97E24D}
		{4AA1E25C-76DF-434A-AC04-E1CCAFC6A8DE} = {DE475D7B-FAC6-461D-9A4C-C9F94B429B30}
		{6B0F3E6E-B1EE-491E-BDA5-14D994AE61B4} = {A5E98D6E-3521-4D5B-BC7D-CB91ED97E24D}
		{55C4696D-E4EC-4EC4-9884-A1243A62E2F4} = {A5E98D6E-3521-4D5B-BC7D-CB91ED97E24D}
		{7679F36B-E4C8-4F4C-B23D-638FB6CFCA02} = {D5BE6D44-F8FC-4650-9C41-412350D5160C}
		{570C682D-E543-4A3C-97DF-816DE5819779} = {35A6EBBE-F3D5-4FA5-8928-8EFDADCEDE4D}
		{A2907812-9822-455B-9CF9-A64D288E3F18} = {35A6EBBE-F3D5-4FA5-8928-8EFDADCEDE4D}
		{3386D98C-E6AE-4B39-8D7C-7DF108FB4D49} = {4AA1E25C-76DF-434A-AC04-E1CCAFC6A8DE}
		{E28E78BB-C999-4577-8B87-71A9541F60E5} = {4AA1E25C-76DF-434A-AC04-E1CCAFC6A8DE}
		{32D9ADA4-C570-44F7-8ABE-CF87008EE016} = {6B0F3E6E-B1EE-491E-BDA5-14D994AE61B4}
		{075B070C-03E3-4A65-8768-7478B9CE66E1} = {4AA1E25C-76DF-434A-AC04-E1CCAFC6A8DE}
		{77A895E8-E62C-4A93-BB9B-00E88BCB5E9B} = {83C336A2-D097-4A19-B65A-1AC2184DC68C}
		{CF57A06F-28C9-4888-BFF0-368CEF6998E6} = {55C4696D-E4EC-4EC4-9884-A1243A62E2F4}
		{463D32A8-6C3B-43D8-B51E-D006680ED582} = {4AA1E25C-76DF-434A-AC04-E1CCAFC6A8DE}
	EndGlobalSection
	GlobalSection(ExtensibilityGlobals) = postSolution
		SolutionGuid = {AF2F7101-C1E5-4B27-93EC-DD11AAE5A6D5}
	EndGlobalSection
EndGlobal
